// !$*UTF8*$!
{
	archiveVersion = 1;
	classes = {
	};
	objectVersion = 55;
	objects = {

/* Begin PBXBuildFile section */
		C574E8B228ABDCB200F547A8 /* APIManager.swift in Sources */ = {isa = PBXBuildFile; fileRef = C574E8B128ABDCB200F547A8 /* APIManager.swift */; };
		C58FB33928A1CBFD00E90968 /* UserModel.swift in Sources */ = {isa = PBXBuildFile; fileRef = C58FB33828A1CBFD00E90968 /* UserModel.swift */; };
		C58FB33B28A1FA5800E90968 /* TierModel.swift in Sources */ = {isa = PBXBuildFile; fileRef = C58FB33A28A1FA5800E90968 /* TierModel.swift */; };
		C58FB33D28A1FA6100E90968 /* MatchModel.swift in Sources */ = {isa = PBXBuildFile; fileRef = C58FB33C28A1FA6100E90968 /* MatchModel.swift */; };
		C58FB33F28A1FA7000E90968 /* MatchInfoModel.swift in Sources */ = {isa = PBXBuildFile; fileRef = C58FB33E28A1FA7000E90968 /* MatchInfoModel.swift */; };
		C5995472289A32A700D0D617 /* AppDelegate.swift in Sources */ = {isa = PBXBuildFile; fileRef = C5995471289A32A700D0D617 /* AppDelegate.swift */; };
		C5995474289A32A700D0D617 /* SceneDelegate.swift in Sources */ = {isa = PBXBuildFile; fileRef = C5995473289A32A700D0D617 /* SceneDelegate.swift */; };
		C5995476289A32A700D0D617 /* SearchController.swift in Sources */ = {isa = PBXBuildFile; fileRef = C5995475289A32A700D0D617 /* SearchController.swift */; };
		C599547B289A32AB00D0D617 /* Assets.xcassets in Resources */ = {isa = PBXBuildFile; fileRef = C599547A289A32AB00D0D617 /* Assets.xcassets */; };
		C599547E289A32AB00D0D617 /* LaunchScreen.storyboard in Resources */ = {isa = PBXBuildFile; fileRef = C599547C289A32AB00D0D617 /* LaunchScreen.storyboard */; };
		C5995487289A36AF00D0D617 /* SnapKit in Frameworks */ = {isa = PBXBuildFile; productRef = C5995486289A36AF00D0D617 /* SnapKit */; };
		C5995489289A36EF00D0D617 /* CommissionController.swift in Sources */ = {isa = PBXBuildFile; fileRef = C5995488289A36EF00D0D617 /* CommissionController.swift */; };
		C599548C289A402200D0D617 /* Then in Frameworks */ = {isa = PBXBuildFile; productRef = C599548B289A402200D0D617 /* Then */; };
		C59954BC289DC47A00D0D617 /* RxCocoa in Frameworks */ = {isa = PBXBuildFile; productRef = C59954BB289DC47A00D0D617 /* RxCocoa */; };
		C59954BE289DC47A00D0D617 /* RxSwift in Frameworks */ = {isa = PBXBuildFile; productRef = C59954BD289DC47A00D0D617 /* RxSwift */; };
		C59954EE28A09B2B00D0D617 /* Alamofire in Frameworks */ = {isa = PBXBuildFile; productRef = C59954ED28A09B2B00D0D617 /* Alamofire */; };
		C59954F128A0A27000D0D617 /* SwiftyJSON in Frameworks */ = {isa = PBXBuildFile; productRef = C59954F028A0A27000D0D617 /* SwiftyJSON */; };
		C5ACF98228B29AFE00901134 /* mytrashCode.swift in Sources */ = {isa = PBXBuildFile; fileRef = C5ACF98128B29AFE00901134 /* mytrashCode.swift */; };
		C5ACF9AB28B6980600901134 /* Kingfisher in Frameworks */ = {isa = PBXBuildFile; productRef = C5ACF9AA28B6980600901134 /* Kingfisher */; };
		C5ACF9AD28BDFB5000901134 /* MyMatchModel.swift in Sources */ = {isa = PBXBuildFile; fileRef = C5ACF9AC28BDFB5000901134 /* MyMatchModel.swift */; };
		C5ACF9B128BEF26200901134 /* MatchTableViewCell.swift in Sources */ = {isa = PBXBuildFile; fileRef = C5ACF9B028BEF26200901134 /* MatchTableViewCell.swift */; };
		C5ACF9B328BF928500901134 /* TierCollectionViewCell.swift in Sources */ = {isa = PBXBuildFile; fileRef = C5ACF9B228BF928500901134 /* TierCollectionViewCell.swift */; };
		C5ACF9B528C24D4400901134 /* MyTierModel.swift in Sources */ = {isa = PBXBuildFile; fileRef = C5ACF9B428C24D4300901134 /* MyTierModel.swift */; };
		C5DA1FB528DAEBD700F6E180 /* MyDateFormatter.swift in Sources */ = {isa = PBXBuildFile; fileRef = C5DA1FB428DAEBD700F6E180 /* MyDateFormatter.swift */; };
		C5DA1FB728DAF08100F6E180 /* Search.swift in Sources */ = {isa = PBXBuildFile; fileRef = C5DA1FB628DAF08100F6E180 /* Search.swift */; };
		C5DA1FBB28E29C9100F6E180 /* SecretData.plist in Resources */ = {isa = PBXBuildFile; fileRef = C5DA1FBA28E29C9100F6E180 /* SecretData.plist */; };
/* End PBXBuildFile section */

/* Begin PBXFileReference section */
		C574E8B128ABDCB200F547A8 /* APIManager.swift */ = {isa = PBXFileReference; lastKnownFileType = sourcecode.swift; path = APIManager.swift; sourceTree = "<group>"; };
		C58FB33828A1CBFD00E90968 /* UserModel.swift */ = {isa = PBXFileReference; lastKnownFileType = sourcecode.swift; path = UserModel.swift; sourceTree = "<group>"; };
		C58FB33A28A1FA5800E90968 /* TierModel.swift */ = {isa = PBXFileReference; lastKnownFileType = sourcecode.swift; path = TierModel.swift; sourceTree = "<group>"; };
		C58FB33C28A1FA6100E90968 /* MatchModel.swift */ = {isa = PBXFileReference; lastKnownFileType = sourcecode.swift; path = MatchModel.swift; sourceTree = "<group>"; };
		C58FB33E28A1FA7000E90968 /* MatchInfoModel.swift */ = {isa = PBXFileReference; lastKnownFileType = sourcecode.swift; path = MatchInfoModel.swift; sourceTree = "<group>"; };
		C599546E289A32A700D0D617 /* FiOn4Search.app */ = {isa = PBXFileReference; explicitFileType = wrapper.application; includeInIndex = 0; path = FiOn4Search.app; sourceTree = BUILT_PRODUCTS_DIR; };
		C5995471289A32A700D0D617 /* AppDelegate.swift */ = {isa = PBXFileReference; lastKnownFileType = sourcecode.swift; path = AppDelegate.swift; sourceTree = "<group>"; };
		C5995473289A32A700D0D617 /* SceneDelegate.swift */ = {isa = PBXFileReference; lastKnownFileType = sourcecode.swift; path = SceneDelegate.swift; sourceTree = "<group>"; };
		C5995475289A32A700D0D617 /* SearchController.swift */ = {isa = PBXFileReference; lastKnownFileType = sourcecode.swift; path = SearchController.swift; sourceTree = "<group>"; };
		C599547A289A32AB00D0D617 /* Assets.xcassets */ = {isa = PBXFileReference; lastKnownFileType = folder.assetcatalog; path = Assets.xcassets; sourceTree = "<group>"; };
		C599547D289A32AB00D0D617 /* Base */ = {isa = PBXFileReference; lastKnownFileType = file.storyboard; name = Base; path = Base.lproj/LaunchScreen.storyboard; sourceTree = "<group>"; };
		C599547F289A32AB00D0D617 /* Info.plist */ = {isa = PBXFileReference; lastKnownFileType = text.plist.xml; path = Info.plist; sourceTree = "<group>"; };
		C5995488289A36EF00D0D617 /* CommissionController.swift */ = {isa = PBXFileReference; lastKnownFileType = sourcecode.swift; path = CommissionController.swift; sourceTree = "<group>"; };
		C5ACF98128B29AFE00901134 /* mytrashCode.swift */ = {isa = PBXFileReference; lastKnownFileType = sourcecode.swift; path = mytrashCode.swift; sourceTree = "<group>"; };
		C5ACF9AC28BDFB5000901134 /* MyMatchModel.swift */ = {isa = PBXFileReference; lastKnownFileType = sourcecode.swift; path = MyMatchModel.swift; sourceTree = "<group>"; };
		C5ACF9B028BEF26200901134 /* MatchTableViewCell.swift */ = {isa = PBXFileReference; lastKnownFileType = sourcecode.swift; path = MatchTableViewCell.swift; sourceTree = "<group>"; };
		C5ACF9B228BF928500901134 /* TierCollectionViewCell.swift */ = {isa = PBXFileReference; lastKnownFileType = sourcecode.swift; path = TierCollectionViewCell.swift; sourceTree = "<group>"; };
		C5ACF9B428C24D4300901134 /* MyTierModel.swift */ = {isa = PBXFileReference; lastKnownFileType = sourcecode.swift; path = MyTierModel.swift; sourceTree = "<group>"; };
		C5DA1FB428DAEBD700F6E180 /* MyDateFormatter.swift */ = {isa = PBXFileReference; lastKnownFileType = sourcecode.swift; path = MyDateFormatter.swift; sourceTree = "<group>"; };
		C5DA1FB628DAF08100F6E180 /* Search.swift */ = {isa = PBXFileReference; lastKnownFileType = sourcecode.swift; path = Search.swift; sourceTree = "<group>"; };
		C5DA1FBA28E29C9100F6E180 /* SecretData.plist */ = {isa = PBXFileReference; lastKnownFileType = text.plist.xml; path = SecretData.plist; sourceTree = "<group>"; };
/* End PBXFileReference section */

/* Begin PBXFrameworksBuildPhase section */
		C599546B289A32A700D0D617 /* Frameworks */ = {
			isa = PBXFrameworksBuildPhase;
			buildActionMask = 2147483647;
			files = (
				C59954F128A0A27000D0D617 /* SwiftyJSON in Frameworks */,
				C59954EE28A09B2B00D0D617 /* Alamofire in Frameworks */,
				C5ACF9AB28B6980600901134 /* Kingfisher in Frameworks */,
				C59954BC289DC47A00D0D617 /* RxCocoa in Frameworks */,
				C5995487289A36AF00D0D617 /* SnapKit in Frameworks */,
				C59954BE289DC47A00D0D617 /* RxSwift in Frameworks */,
				C599548C289A402200D0D617 /* Then in Frameworks */,
			);
			runOnlyForDeploymentPostprocessing = 0;
		};
/* End PBXFrameworksBuildPhase section */

/* Begin PBXGroup section */
		C5995465289A32A700D0D617 = {
			isa = PBXGroup;
			children = (
				C5995470289A32A700D0D617 /* FiOn4Search */,
				C599546F289A32A700D0D617 /* Products */,
			);
			sourceTree = "<group>";
		};
		C599546F289A32A700D0D617 /* Products */ = {
			isa = PBXGroup;
			children = (
				C599546E289A32A700D0D617 /* FiOn4Search.app */,
			);
			name = Products;
			sourceTree = "<group>";
		};
		C5995470289A32A700D0D617 /* FiOn4Search */ = {
			isa = PBXGroup;
			children = (
				C5DA1FF228EB2F6100F6E180 /* Scenes */,
				C5DA1FB328DAE9A700F6E180 /* Cell */,
				C5DA1FB228DAE99700F6E180 /* Delegate */,
				C5DA1FB128DAD6A200F6E180 /* Model */,
				C5DA1FB628DAF08100F6E180 /* Search.swift */,
				C574E8B128ABDCB200F547A8 /* APIManager.swift */,
				C5DA1FB428DAEBD700F6E180 /* MyDateFormatter.swift */,
				C5ACF98128B29AFE00901134 /* mytrashCode.swift */,
				C599547A289A32AB00D0D617 /* Assets.xcassets */,
				C599547C289A32AB00D0D617 /* LaunchScreen.storyboard */,
				C599547F289A32AB00D0D617 /* Info.plist */,
				C5DA1FBA28E29C9100F6E180 /* SecretData.plist */,
			);
			path = FiOn4Search;
			sourceTree = "<group>";
		};
		C5DA1FB128DAD6A200F6E180 /* Model */ = {
			isa = PBXGroup;
			children = (
				C58FB33828A1CBFD00E90968 /* UserModel.swift */,
				C58FB33A28A1FA5800E90968 /* TierModel.swift */,
				C5ACF9B428C24D4300901134 /* MyTierModel.swift */,
				C58FB33C28A1FA6100E90968 /* MatchModel.swift */,
				C58FB33E28A1FA7000E90968 /* MatchInfoModel.swift */,
				C5ACF9AC28BDFB5000901134 /* MyMatchModel.swift */,
			);
			path = Model;
			sourceTree = "<group>";
		};
		C5DA1FB228DAE99700F6E180 /* Delegate */ = {
			isa = PBXGroup;
			children = (
				C5995471289A32A700D0D617 /* AppDelegate.swift */,
				C5995473289A32A700D0D617 /* SceneDelegate.swift */,
			);
			path = Delegate;
			sourceTree = "<group>";
		};
		C5DA1FB328DAE9A700F6E180 /* Cell */ = {
			isa = PBXGroup;
			children = (
				C5ACF9B228BF928500901134 /* TierCollectionViewCell.swift */,
				C5ACF9B028BEF26200901134 /* MatchTableViewCell.swift */,
			);
			path = Cell;
			sourceTree = "<group>";
		};
		C5DA1FF228EB2F6100F6E180 /* Scenes */ = {
			isa = PBXGroup;
			children = (
				C5995475289A32A700D0D617 /* SearchController.swift */,
				C5995488289A36EF00D0D617 /* CommissionController.swift */,
			);
			path = Scenes;
			sourceTree = "<group>";
		};
/* End PBXGroup section */

/* Begin PBXNativeTarget section */
		C599546D289A32A700D0D617 /* FiOn4Search */ = {
			isa = PBXNativeTarget;
			buildConfigurationList = C5995482289A32AB00D0D617 /* Build configuration list for PBXNativeTarget "FiOn4Search" */;
			buildPhases = (
				C599546A289A32A700D0D617 /* Sources */,
				C599546B289A32A700D0D617 /* Frameworks */,
				C599546C289A32A700D0D617 /* Resources */,
			);
			buildRules = (
			);
			dependencies = (
			);
			name = FiOn4Search;
			packageProductDependencies = (
				C5995486289A36AF00D0D617 /* SnapKit */,
				C599548B289A402200D0D617 /* Then */,
				C59954BB289DC47A00D0D617 /* RxCocoa */,
				C59954BD289DC47A00D0D617 /* RxSwift */,
				C59954ED28A09B2B00D0D617 /* Alamofire */,
				C59954F028A0A27000D0D617 /* SwiftyJSON */,
				C5ACF9AA28B6980600901134 /* Kingfisher */,
			);
			productName = FiOn4Search;
			productReference = C599546E289A32A700D0D617 /* FiOn4Search.app */;
			productType = "com.apple.product-type.application";
		};
/* End PBXNativeTarget section */

/* Begin PBXProject section */
		C5995466289A32A700D0D617 /* Project object */ = {
			isa = PBXProject;
			attributes = {
				BuildIndependentTargetsInParallel = 1;
				LastSwiftUpdateCheck = 1320;
				LastUpgradeCheck = 1320;
				TargetAttributes = {
					C599546D289A32A700D0D617 = {
						CreatedOnToolsVersion = 13.2.1;
					};
				};
			};
			buildConfigurationList = C5995469289A32A700D0D617 /* Build configuration list for PBXProject "FiOn4Search" */;
			compatibilityVersion = "Xcode 13.0";
			developmentRegion = en;
			hasScannedForEncodings = 0;
			knownRegions = (
				en,
				Base,
			);
			mainGroup = C5995465289A32A700D0D617;
			packageReferences = (
				C5995485289A36AF00D0D617 /* XCRemoteSwiftPackageReference "SnapKit" */,
				C599548A289A402200D0D617 /* XCRemoteSwiftPackageReference "Then" */,
				C59954BA289DC47A00D0D617 /* XCRemoteSwiftPackageReference "RxSwift" */,
				C59954EC28A09B2B00D0D617 /* XCRemoteSwiftPackageReference "Alamofire" */,
				C59954EF28A0A27000D0D617 /* XCRemoteSwiftPackageReference "SwiftyJSON" */,
				C5ACF9A928B6980500901134 /* XCRemoteSwiftPackageReference "Kingfisher" */,
			);
			productRefGroup = C599546F289A32A700D0D617 /* Products */;
			projectDirPath = "";
			projectRoot = "";
			targets = (
				C599546D289A32A700D0D617 /* FiOn4Search */,
			);
		};
/* End PBXProject section */

/* Begin PBXResourcesBuildPhase section */
		C599546C289A32A700D0D617 /* Resources */ = {
			isa = PBXResourcesBuildPhase;
			buildActionMask = 2147483647;
			files = (
				C599547E289A32AB00D0D617 /* LaunchScreen.storyboard in Resources */,
				C599547B289A32AB00D0D617 /* Assets.xcassets in Resources */,
				C5DA1FBB28E29C9100F6E180 /* SecretData.plist in Resources */,
			);
			runOnlyForDeploymentPostprocessing = 0;
		};
/* End PBXResourcesBuildPhase section */

/* Begin PBXSourcesBuildPhase section */
		C599546A289A32A700D0D617 /* Sources */ = {
			isa = PBXSourcesBuildPhase;
			buildActionMask = 2147483647;
			files = (
				C5995476289A32A700D0D617 /* SearchController.swift in Sources */,
				C58FB33F28A1FA7000E90968 /* MatchInfoModel.swift in Sources */,
				C58FB33D28A1FA6100E90968 /* MatchModel.swift in Sources */,
				C58FB33B28A1FA5800E90968 /* TierModel.swift in Sources */,
				C5ACF9AD28BDFB5000901134 /* MyMatchModel.swift in Sources */,
				C5ACF9B528C24D4400901134 /* MyTierModel.swift in Sources */,
				C5ACF9B328BF928500901134 /* TierCollectionViewCell.swift in Sources */,
				C5995472289A32A700D0D617 /* AppDelegate.swift in Sources */,
				C58FB33928A1CBFD00E90968 /* UserModel.swift in Sources */,
				C5ACF9B128BEF26200901134 /* MatchTableViewCell.swift in Sources */,
				C5DA1FB528DAEBD700F6E180 /* MyDateFormatter.swift in Sources */,
				C5995489289A36EF00D0D617 /* CommissionController.swift in Sources */,
				C5ACF98228B29AFE00901134 /* mytrashCode.swift in Sources */,
				C5DA1FB728DAF08100F6E180 /* Search.swift in Sources */,
				C574E8B228ABDCB200F547A8 /* APIManager.swift in Sources */,
				C5995474289A32A700D0D617 /* SceneDelegate.swift in Sources */,
			);
			runOnlyForDeploymentPostprocessing = 0;
		};
/* End PBXSourcesBuildPhase section */

/* Begin PBXVariantGroup section */
		C599547C289A32AB00D0D617 /* LaunchScreen.storyboard */ = {
			isa = PBXVariantGroup;
			children = (
				C599547D289A32AB00D0D617 /* Base */,
			);
			name = LaunchScreen.storyboard;
			sourceTree = "<group>";
		};
/* End PBXVariantGroup section */

/* Begin XCBuildConfiguration section */
		C5995480289A32AB00D0D617 /* Debug */ = {
			isa = XCBuildConfiguration;
			buildSettings = {
				ALWAYS_SEARCH_USER_PATHS = NO;
				CLANG_ANALYZER_NONNULL = YES;
				CLANG_ANALYZER_NUMBER_OBJECT_CONVERSION = YES_AGGRESSIVE;
				CLANG_CXX_LANGUAGE_STANDARD = "gnu++17";
				CLANG_CXX_LIBRARY = "libc++";
				CLANG_ENABLE_MODULES = YES;
				CLANG_ENABLE_OBJC_ARC = YES;
				CLANG_ENABLE_OBJC_WEAK = YES;
				CLANG_WARN_BLOCK_CAPTURE_AUTORELEASING = YES;
				CLANG_WARN_BOOL_CONVERSION = YES;
				CLANG_WARN_COMMA = YES;
				CLANG_WARN_CONSTANT_CONVERSION = YES;
				CLANG_WARN_DEPRECATED_OBJC_IMPLEMENTATIONS = YES;
				CLANG_WARN_DIRECT_OBJC_ISA_USAGE = YES_ERROR;
				CLANG_WARN_DOCUMENTATION_COMMENTS = YES;
				CLANG_WARN_EMPTY_BODY = YES;
				CLANG_WARN_ENUM_CONVERSION = YES;
				CLANG_WARN_INFINITE_RECURSION = YES;
				CLANG_WARN_INT_CONVERSION = YES;
				CLANG_WARN_NON_LITERAL_NULL_CONVERSION = YES;
				CLANG_WARN_OBJC_IMPLICIT_RETAIN_SELF = YES;
				CLANG_WARN_OBJC_LITERAL_CONVERSION = YES;
				CLANG_WARN_OBJC_ROOT_CLASS = YES_ERROR;
				CLANG_WARN_QUOTED_INCLUDE_IN_FRAMEWORK_HEADER = YES;
				CLANG_WARN_RANGE_LOOP_ANALYSIS = YES;
				CLANG_WARN_STRICT_PROTOTYPES = YES;
				CLANG_WARN_SUSPICIOUS_MOVE = YES;
				CLANG_WARN_UNGUARDED_AVAILABILITY = YES_AGGRESSIVE;
				CLANG_WARN_UNREACHABLE_CODE = YES;
				CLANG_WARN__DUPLICATE_METHOD_MATCH = YES;
				COPY_PHASE_STRIP = NO;
				DEBUG_INFORMATION_FORMAT = dwarf;
				ENABLE_STRICT_OBJC_MSGSEND = YES;
				ENABLE_TESTABILITY = YES;
				GCC_C_LANGUAGE_STANDARD = gnu11;
				GCC_DYNAMIC_NO_PIC = NO;
				GCC_NO_COMMON_BLOCKS = YES;
				GCC_OPTIMIZATION_LEVEL = 0;
				GCC_PREPROCESSOR_DEFINITIONS = (
					"DEBUG=1",
					"$(inherited)",
				);
				GCC_WARN_64_TO_32_BIT_CONVERSION = YES;
				GCC_WARN_ABOUT_RETURN_TYPE = YES_ERROR;
				GCC_WARN_UNDECLARED_SELECTOR = YES;
				GCC_WARN_UNINITIALIZED_AUTOS = YES_AGGRESSIVE;
				GCC_WARN_UNUSED_FUNCTION = YES;
				GCC_WARN_UNUSED_VARIABLE = YES;
				IPHONEOS_DEPLOYMENT_TARGET = 15.2;
				MTL_ENABLE_DEBUG_INFO = INCLUDE_SOURCE;
				MTL_FAST_MATH = YES;
				ONLY_ACTIVE_ARCH = YES;
				SDKROOT = iphoneos;
				SWIFT_ACTIVE_COMPILATION_CONDITIONS = DEBUG;
				SWIFT_OPTIMIZATION_LEVEL = "-Onone";
			};
			name = Debug;
		};
		C5995481289A32AB00D0D617 /* Release */ = {
			isa = XCBuildConfiguration;
			buildSettings = {
				ALWAYS_SEARCH_USER_PATHS = NO;
				CLANG_ANALYZER_NONNULL = YES;
				CLANG_ANALYZER_NUMBER_OBJECT_CONVERSION = YES_AGGRESSIVE;
				CLANG_CXX_LANGUAGE_STANDARD = "gnu++17";
				CLANG_CXX_LIBRARY = "libc++";
				CLANG_ENABLE_MODULES = YES;
				CLANG_ENABLE_OBJC_ARC = YES;
				CLANG_ENABLE_OBJC_WEAK = YES;
				CLANG_WARN_BLOCK_CAPTURE_AUTORELEASING = YES;
				CLANG_WARN_BOOL_CONVERSION = YES;
				CLANG_WARN_COMMA = YES;
				CLANG_WARN_CONSTANT_CONVERSION = YES;
				CLANG_WARN_DEPRECATED_OBJC_IMPLEMENTATIONS = YES;
				CLANG_WARN_DIRECT_OBJC_ISA_USAGE = YES_ERROR;
				CLANG_WARN_DOCUMENTATION_COMMENTS = YES;
				CLANG_WARN_EMPTY_BODY = YES;
				CLANG_WARN_ENUM_CONVERSION = YES;
				CLANG_WARN_INFINITE_RECURSION = YES;
				CLANG_WARN_INT_CONVERSION = YES;
				CLANG_WARN_NON_LITERAL_NULL_CONVERSION = YES;
				CLANG_WARN_OBJC_IMPLICIT_RETAIN_SELF = YES;
				CLANG_WARN_OBJC_LITERAL_CONVERSION = YES;
				CLANG_WARN_OBJC_ROOT_CLASS = YES_ERROR;
				CLANG_WARN_QUOTED_INCLUDE_IN_FRAMEWORK_HEADER = YES;
				CLANG_WARN_RANGE_LOOP_ANALYSIS = YES;
				CLANG_WARN_STRICT_PROTOTYPES = YES;
				CLANG_WARN_SUSPICIOUS_MOVE = YES;
				CLANG_WARN_UNGUARDED_AVAILABILITY = YES_AGGRESSIVE;
				CLANG_WARN_UNREACHABLE_CODE = YES;
				CLANG_WARN__DUPLICATE_METHOD_MATCH = YES;
				COPY_PHASE_STRIP = NO;
				DEBUG_INFORMATION_FORMAT = "dwarf-with-dsym";
				ENABLE_NS_ASSERTIONS = NO;
				ENABLE_STRICT_OBJC_MSGSEND = YES;
				GCC_C_LANGUAGE_STANDARD = gnu11;
				GCC_NO_COMMON_BLOCKS = YES;
				GCC_WARN_64_TO_32_BIT_CONVERSION = YES;
				GCC_WARN_ABOUT_RETURN_TYPE = YES_ERROR;
				GCC_WARN_UNDECLARED_SELECTOR = YES;
				GCC_WARN_UNINITIALIZED_AUTOS = YES_AGGRESSIVE;
				GCC_WARN_UNUSED_FUNCTION = YES;
				GCC_WARN_UNUSED_VARIABLE = YES;
				IPHONEOS_DEPLOYMENT_TARGET = 15.2;
				MTL_ENABLE_DEBUG_INFO = NO;
				MTL_FAST_MATH = YES;
				SDKROOT = iphoneos;
				SWIFT_COMPILATION_MODE = wholemodule;
				SWIFT_OPTIMIZATION_LEVEL = "-O";
				VALIDATE_PRODUCT = YES;
			};
			name = Release;
		};
		C5995483289A32AB00D0D617 /* Debug */ = {
			isa = XCBuildConfiguration;
			buildSettings = {
				ASSETCATALOG_COMPILER_APPICON_NAME = AppIcon;
				ASSETCATALOG_COMPILER_GLOBAL_ACCENT_COLOR_NAME = AccentColor;
				CODE_SIGN_STYLE = Automatic;
				CURRENT_PROJECT_VERSION = 1;
				DEVELOPMENT_TEAM = YULBA58FUP;
				GENERATE_INFOPLIST_FILE = YES;
				INFOPLIST_FILE = FiOn4Search/Info.plist;
				INFOPLIST_KEY_UIApplicationSupportsIndirectInputEvents = YES;
				INFOPLIST_KEY_UILaunchStoryboardName = LaunchScreen;
				INFOPLIST_KEY_UISupportedInterfaceOrientations_iPad = "UIInterfaceOrientationPortrait UIInterfaceOrientationPortraitUpsideDown UIInterfaceOrientationLandscapeLeft UIInterfaceOrientationLandscapeRight";
				INFOPLIST_KEY_UISupportedInterfaceOrientations_iPhone = "UIInterfaceOrientationPortrait UIInterfaceOrientationLandscapeLeft UIInterfaceOrientationLandscapeRight";
				LD_RUNPATH_SEARCH_PATHS = (
					"$(inherited)",
					"@executable_path/Frameworks",
				);
				MARKETING_VERSION = 1.0;
				PRODUCT_BUNDLE_IDENTIFIER = DaeMin.Kang.FiOn4Search;
				PRODUCT_NAME = "$(TARGET_NAME)";
				SWIFT_EMIT_LOC_STRINGS = YES;
				SWIFT_VERSION = 5.0;
				TARGETED_DEVICE_FAMILY = "1,2";
			};
			name = Debug;
		};
		C5995484289A32AB00D0D617 /* Release */ = {
			isa = XCBuildConfiguration;
			buildSettings = {
				ASSETCATALOG_COMPILER_APPICON_NAME = AppIcon;
				ASSETCATALOG_COMPILER_GLOBAL_ACCENT_COLOR_NAME = AccentColor;
				CODE_SIGN_STYLE = Automatic;
				CURRENT_PROJECT_VERSION = 1;
				DEVELOPMENT_TEAM = YULBA58FUP;
				GENERATE_INFOPLIST_FILE = YES;
				INFOPLIST_FILE = FiOn4Search/Info.plist;
				INFOPLIST_KEY_UIApplicationSupportsIndirectInputEvents = YES;
				INFOPLIST_KEY_UILaunchStoryboardName = LaunchScreen;
				INFOPLIST_KEY_UISupportedInterfaceOrientations_iPad = "UIInterfaceOrientationPortrait UIInterfaceOrientationPortraitUpsideDown UIInterfaceOrientationLandscapeLeft UIInterfaceOrientationLandscapeRight";
				INFOPLIST_KEY_UISupportedInterfaceOrientations_iPhone = "UIInterfaceOrientationPortrait UIInterfaceOrientationLandscapeLeft UIInterfaceOrientationLandscapeRight";
				LD_RUNPATH_SEARCH_PATHS = (
					"$(inherited)",
					"@executable_path/Frameworks",
				);
				MARKETING_VERSION = 1.0;
				PRODUCT_BUNDLE_IDENTIFIER = DaeMin.Kang.FiOn4Search;
				PRODUCT_NAME = "$(TARGET_NAME)";
				SWIFT_EMIT_LOC_STRINGS = YES;
				SWIFT_VERSION = 5.0;
				TARGETED_DEVICE_FAMILY = "1,2";
			};
			name = Release;
		};
/* End XCBuildConfiguration section */

/* Begin XCConfigurationList section */
		C5995469289A32A700D0D617 /* Build configuration list for PBXProject "FiOn4Search" */ = {
			isa = XCConfigurationList;
			buildConfigurations = (
				C5995480289A32AB00D0D617 /* Debug */,
				C5995481289A32AB00D0D617 /* Release */,
			);
			defaultConfigurationIsVisible = 0;
			defaultConfigurationName = Release;
		};
		C5995482289A32AB00D0D617 /* Build configuration list for PBXNativeTarget "FiOn4Search" */ = {
			isa = XCConfigurationList;
			buildConfigurations = (
				C5995483289A32AB00D0D617 /* Debug */,
				C5995484289A32AB00D0D617 /* Release */,
			);
			defaultConfigurationIsVisible = 0;
			defaultConfigurationName = Release;
		};
/* End XCConfigurationList section */

/* Begin XCRemoteSwiftPackageReference section */
		C5995485289A36AF00D0D617 /* XCRemoteSwiftPackageReference "SnapKit" */ = {
			isa = XCRemoteSwiftPackageReference;
			repositoryURL = "https://github.com/SnapKit/SnapKit";
			requirement = {
				kind = upToNextMajorVersion;
				minimumVersion = 5.0.0;
			};
		};
		C599548A289A402200D0D617 /* XCRemoteSwiftPackageReference "Then" */ = {
			isa = XCRemoteSwiftPackageReference;
			repositoryURL = "https://github.com/devxoul/Then";
			requirement = {
				kind = upToNextMajorVersion;
				minimumVersion = 3.0.0;
			};
		};
		C59954BA289DC47A00D0D617 /* XCRemoteSwiftPackageReference "RxSwift" */ = {
			isa = XCRemoteSwiftPackageReference;
			repositoryURL = "https://github.com/ReactiveX/RxSwift";
			requirement = {
				kind = upToNextMajorVersion;
				minimumVersion = 6.0.0;
			};
		};
		C59954EC28A09B2B00D0D617 /* XCRemoteSwiftPackageReference "Alamofire" */ = {
			isa = XCRemoteSwiftPackageReference;
			repositoryURL = "https://github.com/Alamofire/Alamofire.git";
			requirement = {
				branch = master;
				kind = branch;
			};
		};
		C59954EF28A0A27000D0D617 /* XCRemoteSwiftPackageReference "SwiftyJSON" */ = {
			isa = XCRemoteSwiftPackageReference;
			repositoryURL = "https://github.com/SwiftyJSON/SwiftyJSON.git";
			requirement = {
				branch = master;
				kind = branch;
			};
		};
		C5ACF9A928B6980500901134 /* XCRemoteSwiftPackageReference "Kingfisher" */ = {
			isa = XCRemoteSwiftPackageReference;
			repositoryURL = "https://github.com/onevcat/Kingfisher";
			requirement = {
				kind = upToNextMajorVersion;
				minimumVersion = 7.0.0;
			};
		};
/* End XCRemoteSwiftPackageReference section */

/* Begin XCSwiftPackageProductDependency section */
		C5995486289A36AF00D0D617 /* SnapKit */ = {
			isa = XCSwiftPackageProductDependency;
			package = C5995485289A36AF00D0D617 /* XCRemoteSwiftPackageReference "SnapKit" */;
			productName = SnapKit;
		};
		C599548B289A402200D0D617 /* Then */ = {
			isa = XCSwiftPackageProductDependency;
			package = C599548A289A402200D0D617 /* XCRemoteSwiftPackageReference "Then" */;
			productName = Then;
		};
		C59954BB289DC47A00D0D617 /* RxCocoa */ = {
			isa = XCSwiftPackageProductDependency;
			package = C59954BA289DC47A00D0D617 /* XCRemoteSwiftPackageReference "RxSwift" */;
			productName = RxCocoa;
		};
		C59954BD289DC47A00D0D617 /* RxSwift */ = {
			isa = XCSwiftPackageProductDependency;
			package = C59954BA289DC47A00D0D617 /* XCRemoteSwiftPackageReference "RxSwift" */;
			productName = RxSwift;
		};
		C59954ED28A09B2B00D0D617 /* Alamofire */ = {
			isa = XCSwiftPackageProductDependency;
			package = C59954EC28A09B2B00D0D617 /* XCRemoteSwiftPackageReference "Alamofire" */;
			productName = Alamofire;
		};
		C59954F028A0A27000D0D617 /* SwiftyJSON */ = {
			isa = XCSwiftPackageProductDependency;
			package = C59954EF28A0A27000D0D617 /* XCRemoteSwiftPackageReference "SwiftyJSON" */;
			productName = SwiftyJSON;
		};
		C5ACF9AA28B6980600901134 /* Kingfisher */ = {
			isa = XCSwiftPackageProductDependency;
			package = C5ACF9A928B6980500901134 /* XCRemoteSwiftPackageReference "Kingfisher" */;
			productName = Kingfisher;
		};
/* End XCSwiftPackageProductDependency section */
	};
	rootObject = C5995466289A32A700D0D617 /* Project object */;
}
